{
  "name": "iot-hub-node-raspberrypi-client-app",
  "version": "1.0.0",
  "lockfileVersion": 1,
  "requires": true,
  "dependencies": {
    "rc522-rfid": {
      "version": "14.1.10",
      "resolved": "https://registry.npmjs.org/rc522-rfid/-/rc522-rfid-14.1.10.tgz",
      "integrity": "sha1-WDW7LkesNmIEOgmaWYBCaVpKCBs="
    }
  }
}
